
Microsoft Visual Studio Solution File, Format Version 12.00
# Visual Studio Version 17
VisualStudioVersion = 17.0.31903.59
MinimumVisualStudioVersion = 10.0.40219.1
Project("{2150E333-8FDC-42A3-9474-1A3956D46DE8}") = "src", "src", "{827E0CD3-B72D-47B6-A68D-7590B98EB39B}"
	ProjectSection(SolutionItems) = preProject
		Dockerfile = Dockerfile
	EndProjectSection
EndProject
Project("{FAE04EC0-301F-11D3-BF4B-00C04F79EFBC}") = "KDSA.Domain", "src\KDSA.Domain\KDSA.Domain.csproj", "{6466C16D-818A-432D-8B0C-8A61E8685840}"
EndProject
Project("{FAE04EC0-301F-11D3-BF4B-00C04F79EFBC}") = "KDSA.Application", "src\KDSA.Application\KDSA.Application.csproj", "{EA0EF064-D71A-4DDD-9DE1-5A2FDB414D5A}"
	ProjectSection(ProjectDependencies) = postProject
		{1AE017C6-C447-42AE-AE88-403260B6FB39} = {1AE017C6-C447-42AE-AE88-403260B6FB39}
	EndProjectSection
EndProject
Project("{FAE04EC0-301F-11D3-BF4B-00C04F79EFBC}") = "KDSA.Infrastructure", "src\KDSA.Infrastructure\KDSA.Infrastructure.csproj", "{31E3F2BB-FDF4-41E3-9449-39819E445E1F}"
	ProjectSection(ProjectDependencies) = postProject
		{1AE017C6-C447-42AE-AE88-403260B6FB39} = {1AE017C6-C447-42AE-AE88-403260B6FB39}
	EndProjectSection
EndProject
Project("{FAE04EC0-301F-11D3-BF4B-00C04F79EFBC}") = "KDSA.API", "src\KDSA.API\KDSA.API.csproj", "{E22021AA-C9AE-4CC1-911C-D6DF939ABC18}"
EndProject
Project("{2150E333-8FDC-42A3-9474-1A3956D46DE8}") = "tests", "tests", "{0AB3BF05-4346-4AA6-1389-037BE0695223}"
EndProject
Project("{FAE04EC0-301F-11D3-BF4B-00C04F79EFBC}") = "KDSA.Tests", "tests\KDSA.Tests\KDSA.Tests.csproj", "{274EC144-54FC-421C-9E06-A00D882367EB}"
EndProject
Project("{FAE04EC0-301F-11D3-BF4B-00C04F79EFBC}") = "KDSA.Core", "src\KDSA.Core\KDSA.Core.csproj", "{1AE017C6-C447-42AE-AE88-403260B6FB39}"
EndProject
Global
	GlobalSection(SolutionConfigurationPlatforms) = preSolution
		Debug|Any CPU = Debug|Any CPU
		Debug|x64 = Debug|x64
		Debug|x86 = Debug|x86
		Release|Any CPU = Release|Any CPU
		Release|x64 = Release|x64
		Release|x86 = Release|x86
	EndGlobalSection
	GlobalSection(ProjectConfigurationPlatforms) = postSolution
		{6466C16D-818A-432D-8B0C-8A61E8685840}.Debug|Any CPU.ActiveCfg = Debug|Any CPU
		{6466C16D-818A-432D-8B0C-8A61E8685840}.Debug|Any CPU.Build.0 = Debug|Any CPU
		{6466C16D-818A-432D-8B0C-8A61E8685840}.Debug|x64.ActiveCfg = Debug|Any CPU
		{6466C16D-818A-432D-8B0C-8A61E8685840}.Debug|x64.Build.0 = Debug|Any CPU
		{6466C16D-818A-432D-8B0C-8A61E8685840}.Debug|x86.ActiveCfg = Debug|Any CPU
		{6466C16D-818A-432D-8B0C-8A61E8685840}.Debug|x86.Build.0 = Debug|Any CPU
		{6466C16D-818A-432D-8B0C-8A61E8685840}.Release|Any CPU.ActiveCfg = Release|Any CPU
		{6466C16D-818A-432D-8B0C-8A61E8685840}.Release|Any CPU.Build.0 = Release|Any CPU
		{6466C16D-818A-432D-8B0C-8A61E8685840}.Release|x64.ActiveCfg = Release|Any CPU
		{6466C16D-818A-432D-8B0C-8A61E8685840}.Release|x64.Build.0 = Release|Any CPU
		{6466C16D-818A-432D-8B0C-8A61E8685840}.Release|x86.ActiveCfg = Release|Any CPU
		{6466C16D-818A-432D-8B0C-8A61E8685840}.Release|x86.Build.0 = Release|Any CPU
		{EA0EF064-D71A-4DDD-9DE1-5A2FDB414D5A}.Debug|Any CPU.ActiveCfg = Debug|Any CPU
		{EA0EF064-D71A-4DDD-9DE1-5A2FDB414D5A}.Debug|Any CPU.Build.0 = Debug|Any CPU
		{EA0EF064-D71A-4DDD-9DE1-5A2FDB414D5A}.Debug|x64.ActiveCfg = Debug|Any CPU
		{EA0EF064-D71A-4DDD-9DE1-5A2FDB414D5A}.Debug|x64.Build.0 = Debug|Any CPU
		{EA0EF064-D71A-4DDD-9DE1-5A2FDB414D5A}.Debug|x86.ActiveCfg = Debug|Any CPU
		{EA0EF064-D71A-4DDD-9DE1-5A2FDB414D5A}.Debug|x86.Build.0 = Debug|Any CPU
		{EA0EF064-D71A-4DDD-9DE1-5A2FDB414D5A}.Release|Any CPU.ActiveCfg = Release|Any CPU
		{EA0EF064-D71A-4DDD-9DE1-5A2FDB414D5A}.Release|Any CPU.Build.0 = Release|Any CPU
		{EA0EF064-D71A-4DDD-9DE1-5A2FDB414D5A}.Release|x64.ActiveCfg = Release|Any CPU
		{EA0EF064-D71A-4DDD-9DE1-5A2FDB414D5A}.Release|x64.Build.0 = Release|Any CPU
		{EA0EF064-D71A-4DDD-9DE1-5A2FDB414D5A}.Release|x86.ActiveCfg = Release|Any CPU
		{EA0EF064-D71A-4DDD-9DE1-5A2FDB414D5A}.Release|x86.Build.0 = Release|Any CPU
		{31E3F2BB-FDF4-41E3-9449-39819E445E1F}.Debug|Any CPU.ActiveCfg = Debug|Any CPU
		{31E3F2BB-FDF4-41E3-9449-39819E445E1F}.Debug|Any CPU.Build.0 = Debug|Any CPU
		{31E3F2BB-FDF4-41E3-9449-39819E445E1F}.Debug|x64.ActiveCfg = Debug|Any CPU
		{31E3F2BB-FDF4-41E3-9449-39819E445E1F}.Debug|x64.Build.0 = Debug|Any CPU
		{31E3F2BB-FDF4-41E3-9449-39819E445E1F}.Debug|x86.ActiveCfg = Debug|Any CPU
		{31E3F2BB-FDF4-41E3-9449-39819E445E1F}.Debug|x86.Build.0 = Debug|Any CPU
		{31E3F2BB-FDF4-41E3-9449-39819E445E1F}.Release|Any CPU.ActiveCfg = Release|Any CPU
		{31E3F2BB-FDF4-41E3-9449-39819E445E1F}.Release|Any CPU.Build.0 = Release|Any CPU
		{31E3F2BB-FDF4-41E3-9449-39819E445E1F}.Release|x64.ActiveCfg = Release|Any CPU
		{31E3F2BB-FDF4-41E3-9449-39819E445E1F}.Release|x64.Build.0 = Release|Any CPU
		{31E3F2BB-FDF4-41E3-9449-39819E445E1F}.Release|x86.ActiveCfg = Release|Any CPU
		{31E3F2BB-FDF4-41E3-9449-39819E445E1F}.Release|x86.Build.0 = Release|Any CPU
		{E22021AA-C9AE-4CC1-911C-D6DF939ABC18}.Debug|Any CPU.ActiveCfg = Debug|Any CPU
		{E22021AA-C9AE-4CC1-911C-D6DF939ABC18}.Debug|Any CPU.Build.0 = Debug|Any CPU
		{E22021AA-C9AE-4CC1-911C-D6DF939ABC18}.Debug|x64.ActiveCfg = Debug|Any CPU
		{E22021AA-C9AE-4CC1-911C-D6DF939ABC18}.Debug|x64.Build.0 = Debug|Any CPU
		{E22021AA-C9AE-4CC1-911C-D6DF939ABC18}.Debug|x86.ActiveCfg = Debug|Any CPU
		{E22021AA-C9AE-4CC1-911C-D6DF939ABC18}.Debug|x86.Build.0 = Debug|Any CPU
		{E22021AA-C9AE-4CC1-911C-D6DF939ABC18}.Release|Any CPU.ActiveCfg = Release|Any CPU
		{E22021AA-C9AE-4CC1-911C-D6DF939ABC18}.Release|Any CPU.Build.0 = Release|Any CPU
		{E22021AA-C9AE-4CC1-911C-D6DF939ABC18}.Release|x64.ActiveCfg = Release|Any CPU
		{E22021AA-C9AE-4CC1-911C-D6DF939ABC18}.Release|x64.Build.0 = Release|Any CPU
		{E22021AA-C9AE-4CC1-911C-D6DF939ABC18}.Release|x86.ActiveCfg = Release|Any CPU
		{E22021AA-C9AE-4CC1-911C-D6DF939ABC18}.Release|x86.Build.0 = Release|Any CPU
		{274EC144-54FC-421C-9E06-A00D882367EB}.Debug|Any CPU.ActiveCfg = Debug|Any CPU
		{274EC144-54FC-421C-9E06-A00D882367EB}.Debug|Any CPU.Build.0 = Debug|Any CPU
		{274EC144-54FC-421C-9E06-A00D882367EB}.Debug|x64.ActiveCfg = Debug|Any CPU
		{274EC144-54FC-421C-9E06-A00D882367EB}.Debug|x64.Build.0 = Debug|Any CPU
		{274EC144-54FC-421C-9E06-A00D882367EB}.Debug|x86.ActiveCfg = Debug|Any CPU
		{274EC144-54FC-421C-9E06-A00D882367EB}.Debug|x86.Build.0 = Debug|Any CPU
		{274EC144-54FC-421C-9E06-A00D882367EB}.Release|Any CPU.ActiveCfg = Release|Any CPU
		{274EC144-54FC-421C-9E06-A00D882367EB}.Release|Any CPU.Build.0 = Release|Any CPU
		{274EC144-54FC-421C-9E06-A00D882367EB}.Release|x64.ActiveCfg = Release|Any CPU
		{274EC144-54FC-421C-9E06-A00D882367EB}.Release|x64.Build.0 = Release|Any CPU
		{274EC144-54FC-421C-9E06-A00D882367EB}.Release|x86.ActiveCfg = Release|Any CPU
		{274EC144-54FC-421C-9E06-A00D882367EB}.Release|x86.Build.0 = Release|Any CPU
		{1AE017C6-C447-42AE-AE88-403260B6FB39}.Debug|Any CPU.ActiveCfg = Debug|Any CPU
		{1AE017C6-C447-42AE-AE88-403260B6FB39}.Debug|Any CPU.Build.0 = Debug|Any CPU
		{1AE017C6-C447-42AE-AE88-403260B6FB39}.Debug|x64.ActiveCfg = Debug|Any CPU
		{1AE017C6-C447-42AE-AE88-403260B6FB39}.Debug|x64.Build.0 = Debug|Any CPU
		{1AE017C6-C447-42AE-AE88-403260B6FB39}.Debug|x86.ActiveCfg = Debug|Any CPU
		{1AE017C6-C447-42AE-AE88-403260B6FB39}.Debug|x86.Build.0 = Debug|Any CPU
		{1AE017C6-C447-42AE-AE88-403260B6FB39}.Release|Any CPU.ActiveCfg = Release|Any CPU
		{1AE017C6-C447-42AE-AE88-403260B6FB39}.Release|Any CPU.Build.0 = Release|Any CPU
		{1AE017C6-C447-42AE-AE88-403260B6FB39}.Release|x64.ActiveCfg = Release|Any CPU
		{1AE017C6-C447-42AE-AE88-403260B6FB39}.Release|x64.Build.0 = Release|Any CPU
		{1AE017C6-C447-42AE-AE88-403260B6FB39}.Release|x86.ActiveCfg = Release|Any CPU
		{1AE017C6-C447-42AE-AE88-403260B6FB39}.Release|x86.Build.0 = Release|Any CPU
	EndGlobalSection
	GlobalSection(SolutionProperties) = preSolution
		HideSolutionNode = FALSE
	EndGlobalSection
	GlobalSection(NestedProjects) = preSolution
		{6466C16D-818A-432D-8B0C-8A61E8685840} = {827E0CD3-B72D-47B6-A68D-7590B98EB39B}
		{EA0EF064-D71A-4DDD-9DE1-5A2FDB414D5A} = {827E0CD3-B72D-47B6-A68D-7590B98EB39B}
		{31E3F2BB-FDF4-41E3-9449-39819E445E1F} = {827E0CD3-B72D-47B6-A68D-7590B98EB39B}
		{E22021AA-C9AE-4CC1-911C-D6DF939ABC18} = {827E0CD3-B72D-47B6-A68D-7590B98EB39B}
		{274EC144-54FC-421C-9E06-A00D882367EB} = {0AB3BF05-4346-4AA6-1389-037BE0695223}
		{1AE017C6-C447-42AE-AE88-403260B6FB39} = {827E0CD3-B72D-47B6-A68D-7590B98EB39B}
	EndGlobalSection
	GlobalSection(ExtensibilityGlobals) = postSolution
		SolutionGuid = {8DAA079E-45D4-4A65-85CA-2A5EC884E5DD}
	EndGlobalSection
EndGlobal
